
Microsoft Visual Studio Solution File, Format Version 12.00
# Visual Studio Version 17
VisualStudioVersion = 17.14.36429.23
MinimumVisualStudioVersion = 10.0.40219.1
Project("{FAE04EC0-301F-11D3-BF4B-00C04F79EFBC}") = "TelHai.Dotnet.PlayerProjectYedidyaC", "TelHai.Dotnet.PlayerProject\TelHai.Dotnet.PlayerProjectYedidyaC.csproj", "{6F3D5F58-ECA1-4B0C-AB4C-DE0BE1376B8E}"
EndProject
Global
	GlobalSection(SolutionConfigurationPlatforms) = preSolution
		Debug|Any CPU = Debug|Any CPU
		Release|Any CPU = Release|Any CPU
	EndGlobalSection
	GlobalSection(ProjectConfigurationPlatforms) = postSolution
		{6F3D5F58-ECA1-4B0C-AB4C-DE0BE1376B8E}.Debug|Any CPU.ActiveCfg = Debug|Any CPU
		{6F3D5F58-ECA1-4B0C-AB4C-DE0BE1376B8E}.Debug|Any CPU.Build.0 = Debug|Any CPU
		{6F3D5F58-ECA1-4B0C-AB4C-DE0BE1376B8E}.Release|Any CPU.ActiveCfg = Release|Any CPU
		{6F3D5F58-ECA1-4B0C-AB4C-DE0BE1376B8E}.Release|Any CPU.Build.0 = Release|Any CPU
	EndGlobalSection
	GlobalSection(SolutionProperties) = preSolution
		HideSolutionNode = FALSE
	EndGlobalSection
	GlobalSection(ExtensibilityGlobals) = postSolution
		SolutionGuid = {E4E2E603-DB3C-4C1C-B173-5FA0D6A748FC}
	EndGlobalSection
EndGlobal
